
Microsoft Visual Studio Solution File, Format Version 12.00
# Visual Studio 15
VisualStudioVersion = 15.0.27703.2018
MinimumVisualStudioVersion = 10.0.40219.1
Project("{FAE04EC0-301F-11D3-BF4B-00C04F79EFBC}") = "Property.Community_OwnerPages", "Property.Community_OwnerPages\Property.Community_OwnerPages.csproj", "{C12F72F5-5583-4911-80FE-C8A0A3A3AE05}"
EndProject
Project("{FAE04EC0-301F-11D3-BF4B-00C04F79EFBC}") = "PropertyOwner_Tests", "PropertyOwner_Tests\PropertyOwner_Tests.csproj", "{1A711557-0D96-4DB1-AB1B-787A02B58379}"
EndProject
Global
	GlobalSection(SolutionConfigurationPlatforms) = preSolution
		Debug|Any CPU = Debug|Any CPU
		Release|Any CPU = Release|Any CPU
	EndGlobalSection
	GlobalSection(ProjectConfigurationPlatforms) = postSolution
		{C12F72F5-5583-4911-80FE-C8A0A3A3AE05}.Debug|Any CPU.ActiveCfg = Debug|Any CPU
		{C12F72F5-5583-4911-80FE-C8A0A3A3AE05}.Debug|Any CPU.Build.0 = Debug|Any CPU
		{C12F72F5-5583-4911-80FE-C8A0A3A3AE05}.Release|Any CPU.ActiveCfg = Release|Any CPU
		{C12F72F5-5583-4911-80FE-C8A0A3A3AE05}.Release|Any CPU.Build.0 = Release|Any CPU
		{1A711557-0D96-4DB1-AB1B-787A02B58379}.Debug|Any CPU.ActiveCfg = Debug|Any CPU
		{1A711557-0D96-4DB1-AB1B-787A02B58379}.Debug|Any CPU.Build.0 = Debug|Any CPU
		{1A711557-0D96-4DB1-AB1B-787A02B58379}.Release|Any CPU.ActiveCfg = Release|Any CPU
		{1A711557-0D96-4DB1-AB1B-787A02B58379}.Release|Any CPU.Build.0 = Release|Any CPU
	EndGlobalSection
	GlobalSection(SolutionProperties) = preSolution
		HideSolutionNode = FALSE
	EndGlobalSection
	GlobalSection(ExtensibilityGlobals) = postSolution
		SolutionGuid = {468D505A-85F3-4618-9606-96DD9D262790}
	EndGlobalSection
EndGlobal
